// !$*UTF8*$!
{
	archiveVersion = 1;
	classes = {
	};
	objectVersion = 55;
	objects = {

/* Begin PBXBuildFile section */
		FB06ADBD2721E9FF00851271 /* FavoriteButton.swift in Sources */ = {isa = PBXBuildFile; fileRef = FB06ADBC2721E9FF00851271 /* FavoriteButton.swift */; };
		FB06ADC12721EE9200851271 /* HexagonParameters.swift in Sources */ = {isa = PBXBuildFile; fileRef = FB06ADC02721EE9200851271 /* HexagonParameters.swift */; };
		FB06ADC32721EFCA00851271 /* BadgeBackground.swift in Sources */ = {isa = PBXBuildFile; fileRef = FB06ADC22721EFCA00851271 /* BadgeBackground.swift */; };
		FB06ADC52721F50A00851271 /* BadgeSymbol.swift in Sources */ = {isa = PBXBuildFile; fileRef = FB06ADC42721F50A00851271 /* BadgeSymbol.swift */; };
		FB06ADC72721F87D00851271 /* RotatedBadgeSymbol.swift in Sources */ = {isa = PBXBuildFile; fileRef = FB06ADC62721F87D00851271 /* RotatedBadgeSymbol.swift */; };
		FB06ADC92721F8FD00851271 /* Badge.swift in Sources */ = {isa = PBXBuildFile; fileRef = FB06ADC82721F8FD00851271 /* Badge.swift */; };
		FB06ADCC2721FC4B00851271 /* hikeData.json in Resources */ = {isa = PBXBuildFile; fileRef = FB06ADCB2721FC4B00851271 /* hikeData.json */; };
		FB06ADCE2721FC7500851271 /* Hike.swift in Sources */ = {isa = PBXBuildFile; fileRef = FB06ADCD2721FC7500851271 /* Hike.swift */; };
		FB06ADD42721FDFA00851271 /* GraphCapsule.swift in Sources */ = {isa = PBXBuildFile; fileRef = FB06ADD02721FDFA00851271 /* GraphCapsule.swift */; };
		FB06ADD52721FDFA00851271 /* HikeGraph.swift in Sources */ = {isa = PBXBuildFile; fileRef = FB06ADD12721FDFA00851271 /* HikeGraph.swift */; };
		FB06ADD62721FDFA00851271 /* HikeDetail.swift in Sources */ = {isa = PBXBuildFile; fileRef = FB06ADD22721FDFA00851271 /* HikeDetail.swift */; };
		FB06ADD72721FDFA00851271 /* HikeView.swift in Sources */ = {isa = PBXBuildFile; fileRef = FB06ADD32721FDFA00851271 /* HikeView.swift */; };
		FB08C16A273C302500CFDD6C /* CategoryHome.swift in Sources */ = {isa = PBXBuildFile; fileRef = FB08C169273C302500CFDD6C /* CategoryHome.swift */; };
		FB08C16C273C328D00CFDD6C /* CategoryRow.swift in Sources */ = {isa = PBXBuildFile; fileRef = FB08C16B273C328D00CFDD6C /* CategoryRow.swift */; };
		FB08C16E273C361300CFDD6C /* CategoryItem.swift in Sources */ = {isa = PBXBuildFile; fileRef = FB08C16D273C361300CFDD6C /* CategoryItem.swift */; };
		FB08C170273C58AF00CFDD6C /* Profile.swift in Sources */ = {isa = PBXBuildFile; fileRef = FB08C16F273C58AF00CFDD6C /* Profile.swift */; };
		FB08C173273C59CA00CFDD6C /* ProfileHost.swift in Sources */ = {isa = PBXBuildFile; fileRef = FB08C172273C59CA00CFDD6C /* ProfileHost.swift */; };
		FB08C175273C5A6700CFDD6C /* ProfileSummary.swift in Sources */ = {isa = PBXBuildFile; fileRef = FB08C174273C5A6700CFDD6C /* ProfileSummary.swift */; };
		FB08C177273C5C5B00CFDD6C /* HikeBadge.swift in Sources */ = {isa = PBXBuildFile; fileRef = FB08C176273C5C5B00CFDD6C /* HikeBadge.swift */; };
		FB3656642720C45E0085F1BC /* LandmarksApp.swift in Sources */ = {isa = PBXBuildFile; fileRef = FB3656632720C45E0085F1BC /* LandmarksApp.swift */; };
		FB3656662720C45E0085F1BC /* ContentView.swift in Sources */ = {isa = PBXBuildFile; fileRef = FB3656652720C45E0085F1BC /* ContentView.swift */; };
		FB3656682720C4600085F1BC /* Assets.xcassets in Resources */ = {isa = PBXBuildFile; fileRef = FB3656672720C4600085F1BC /* Assets.xcassets */; };
		FB36566B2720C4600085F1BC /* Preview Assets.xcassets in Resources */ = {isa = PBXBuildFile; fileRef = FB36566A2720C4600085F1BC /* Preview Assets.xcassets */; };
		FB3656722720C8E40085F1BC /* CircleImage.swift in Sources */ = {isa = PBXBuildFile; fileRef = FB3656712720C8E40085F1BC /* CircleImage.swift */; };
		FB3656742720CA040085F1BC /* MapView.swift in Sources */ = {isa = PBXBuildFile; fileRef = FB3656732720CA040085F1BC /* MapView.swift */; };
		FB3656762721ACEF0085F1BC /* landmarkData.json in Resources */ = {isa = PBXBuildFile; fileRef = FB3656752721ACEF0085F1BC /* landmarkData.json */; };
		FB3656782721AD0F0085F1BC /* Landmark.swift in Sources */ = {isa = PBXBuildFile; fileRef = FB3656772721AD0F0085F1BC /* Landmark.swift */; };
		FB36567A2721AFD50085F1BC /* ModelData.swift in Sources */ = {isa = PBXBuildFile; fileRef = FB3656792721AFD50085F1BC /* ModelData.swift */; };
		FB3656802721B4E40085F1BC /* LandmarkRow.swift in Sources */ = {isa = PBXBuildFile; fileRef = FB36567F2721B4E40085F1BC /* LandmarkRow.swift */; };
		FB3656822721BD340085F1BC /* LandmarkList.swift in Sources */ = {isa = PBXBuildFile; fileRef = FB3656812721BD340085F1BC /* LandmarkList.swift */; };
		FB3656842721BF560085F1BC /* LandmarkDetail.swift in Sources */ = {isa = PBXBuildFile; fileRef = FB3656832721BF560085F1BC /* LandmarkDetail.swift */; };
		FBE17C99273D68B900873546 /* ProfileEditor.swift in Sources */ = {isa = PBXBuildFile; fileRef = FBE17C98273D68B900873546 /* ProfileEditor.swift */; };
		FBE17C9C273D728800873546 /* PageViewController.swift in Sources */ = {isa = PBXBuildFile; fileRef = FBE17C9B273D728800873546 /* PageViewController.swift */; };
		FBE17C9E273D746E00873546 /* FeatureCard.swift in Sources */ = {isa = PBXBuildFile; fileRef = FBE17C9D273D746E00873546 /* FeatureCard.swift */; };
		FBE17CA0273D77A400873546 /* PageView.swift in Sources */ = {isa = PBXBuildFile; fileRef = FBE17C9F273D77A400873546 /* PageView.swift */; };
		FBF4C74E273DB591000AA179 /* PageControl.swift in Sources */ = {isa = PBXBuildFile; fileRef = FBF4C74D273DB591000AA179 /* PageControl.swift */; };
		FBF4C754273DBAF5000AA179 /* Assets.xcassets in Resources */ = {isa = PBXBuildFile; fileRef = FBF4C753273DBAF5000AA179 /* Assets.xcassets */; };
		FBF4C75A273DBAF6000AA179 /* WatchLandmarks WatchKit Extension.appex in Embed App Extensions */ = {isa = PBXBuildFile; fileRef = FBF4C759273DBAF6000AA179 /* WatchLandmarks WatchKit Extension.appex */; settings = {ATTRIBUTES = (RemoveHeadersOnCopy, ); }; };
		FBF4C761273DBAF6000AA179 /* ContentView.swift in Sources */ = {isa = PBXBuildFile; fileRef = FBF4C760273DBAF6000AA179 /* ContentView.swift */; };
		FBF4C763273DBAF6000AA179 /* NotificationController.swift in Sources */ = {isa = PBXBuildFile; fileRef = FBF4C762273DBAF6000AA179 /* NotificationController.swift */; };
		FBF4C765273DBAF6000AA179 /* NotificationView.swift in Sources */ = {isa = PBXBuildFile; fileRef = FBF4C764273DBAF6000AA179 /* NotificationView.swift */; };
		FBF4C767273DBAF6000AA179 /* ComplicationController.swift in Sources */ = {isa = PBXBuildFile; fileRef = FBF4C766273DBAF6000AA179 /* ComplicationController.swift */; };
		FBF4C769273DBAF7000AA179 /* Assets.xcassets in Resources */ = {isa = PBXBuildFile; fileRef = FBF4C768273DBAF7000AA179 /* Assets.xcassets */; };
		FBF4C76C273DBAF7000AA179 /* Preview Assets.xcassets in Resources */ = {isa = PBXBuildFile; fileRef = FBF4C76B273DBAF7000AA179 /* Preview Assets.xcassets */; };
		FBF4C771273DBAF7000AA179 /* WatchLandmarks.app in Embed Watch Content */ = {isa = PBXBuildFile; fileRef = FBF4C751273DBAF4000AA179 /* WatchLandmarks.app */; settings = {ATTRIBUTES = (RemoveHeadersOnCopy, ); }; };
		FBF4C77A273DBC2C000AA179 /* MapView.swift in Sources */ = {isa = PBXBuildFile; fileRef = FB3656732720CA040085F1BC /* MapView.swift */; };
		FBF4C77B273DBC2C000AA179 /* CircleImage.swift in Sources */ = {isa = PBXBuildFile; fileRef = FB3656712720C8E40085F1BC /* CircleImage.swift */; };
		FBF4C77C273DBC2C000AA179 /* Landmark.swift in Sources */ = {isa = PBXBuildFile; fileRef = FB3656772721AD0F0085F1BC /* Landmark.swift */; };
		FBF4C77D273DBC2C000AA179 /* Profile.swift in Sources */ = {isa = PBXBuildFile; fileRef = FB08C16F273C58AF00CFDD6C /* Profile.swift */; };
		FBF4C77E273DBC2C000AA179 /* landmarkData.json in Resources */ = {isa = PBXBuildFile; fileRef = FB3656752721ACEF0085F1BC /* landmarkData.json */; };
		FBF4C77F273DBC2C000AA179 /* Hike.swift in Sources */ = {isa = PBXBuildFile; fileRef = FB06ADCD2721FC7500851271 /* Hike.swift */; };
		FBF4C780273DBC2C000AA179 /* hikeData.json in Resources */ = {isa = PBXBuildFile; fileRef = FB06ADCB2721FC4B00851271 /* hikeData.json */; };
		FBF4C781273DBC2C000AA179 /* Assets.xcassets in Resources */ = {isa = PBXBuildFile; fileRef = FB3656672720C4600085F1BC /* Assets.xcassets */; };
		FBF4C782273DBC2C000AA179 /* ModelData.swift in Sources */ = {isa = PBXBuildFile; fileRef = FB3656792721AFD50085F1BC /* ModelData.swift */; };
		FBF4C783273DBC2C000AA179 /* LandmarkRow.swift in Sources */ = {isa = PBXBuildFile; fileRef = FB36567F2721B4E40085F1BC /* LandmarkRow.swift */; };
		FBF4C784273DBC2C000AA179 /* LandmarksApp.swift in Sources */ = {isa = PBXBuildFile; fileRef = FB3656632720C45E0085F1BC /* LandmarksApp.swift */; };
		FBF4C785273DBC2C000AA179 /* LandmarkList.swift in Sources */ = {isa = PBXBuildFile; fileRef = FB3656812721BD340085F1BC /* LandmarkList.swift */; };
		FBF4C789273DBCF3000AA179 /* LandmarkDetail.swift in Sources */ = {isa = PBXBuildFile; fileRef = FBF4C788273DBCF3000AA179 /* LandmarkDetail.swift */; };
		FBF4C793273DC698000AA179 /* ContentView.swift in Sources */ = {isa = PBXBuildFile; fileRef = FBF4C792273DC698000AA179 /* ContentView.swift */; };
		FBF4C795273DC69A000AA179 /* Assets.xcassets in Resources */ = {isa = PBXBuildFile; fileRef = FBF4C794273DC69A000AA179 /* Assets.xcassets */; };
		FBF4C798273DC69A000AA179 /* Preview Assets.xcassets in Resources */ = {isa = PBXBuildFile; fileRef = FBF4C797273DC69A000AA179 /* Preview Assets.xcassets */; };
		FBF4C79D273DC74E000AA179 /* LandmarkRow.swift in Sources */ = {isa = PBXBuildFile; fileRef = FB36567F2721B4E40085F1BC /* LandmarkRow.swift */; };
		FBF4C79E273DC74E000AA179 /* LandmarkList.swift in Sources */ = {isa = PBXBuildFile; fileRef = FB3656812721BD340085F1BC /* LandmarkList.swift */; };
		FBF4C79F273DC74E000AA179 /* MapView.swift in Sources */ = {isa = PBXBuildFile; fileRef = FB3656732720CA040085F1BC /* MapView.swift */; };
		FBF4C7A0273DC74E000AA179 /* CircleImage.swift in Sources */ = {isa = PBXBuildFile; fileRef = FB3656712720C8E40085F1BC /* CircleImage.swift */; };
		FBF4C7A1273DC74E000AA179 /* hikeData.json in Resources */ = {isa = PBXBuildFile; fileRef = FB06ADCB2721FC4B00851271 /* hikeData.json */; };
		FBF4C7A2273DC74E000AA179 /* Landmark.swift in Sources */ = {isa = PBXBuildFile; fileRef = FB3656772721AD0F0085F1BC /* Landmark.swift */; };
		FBF4C7A3273DC74E000AA179 /* LandmarksApp.swift in Sources */ = {isa = PBXBuildFile; fileRef = FB3656632720C45E0085F1BC /* LandmarksApp.swift */; };
		FBF4C7A4273DC74E000AA179 /* Hike.swift in Sources */ = {isa = PBXBuildFile; fileRef = FB06ADCD2721FC7500851271 /* Hike.swift */; };
		FBF4C7A5273DC74E000AA179 /* Assets.xcassets in Resources */ = {isa = PBXBuildFile; fileRef = FB3656672720C4600085F1BC /* Assets.xcassets */; };
		FBF4C7A6273DC74E000AA179 /* Profile.swift in Sources */ = {isa = PBXBuildFile; fileRef = FB08C16F273C58AF00CFDD6C /* Profile.swift */; };
		FBF4C7A7273DC74E000AA179 /* FavoriteButton.swift in Sources */ = {isa = PBXBuildFile; fileRef = FB06ADBC2721E9FF00851271 /* FavoriteButton.swift */; };
		FBF4C7A8273DC74E000AA179 /* ModelData.swift in Sources */ = {isa = PBXBuildFile; fileRef = FB3656792721AFD50085F1BC /* ModelData.swift */; };
		FBF4C7A9273DC74E000AA179 /* landmarkData.json in Resources */ = {isa = PBXBuildFile; fileRef = FB3656752721ACEF0085F1BC /* landmarkData.json */; };
		FBF4C7AB273DC82D000AA179 /* LandmarkDetail.swift in Sources */ = {isa = PBXBuildFile; fileRef = FBF4C7AA273DC82D000AA179 /* LandmarkDetail.swift */; };
/* End PBXBuildFile section */

/* Begin PBXContainerItemProxy section */
		FBF4C75B273DBAF6000AA179 /* PBXContainerItemProxy */ = {
			isa = PBXContainerItemProxy;
			containerPortal = FB3656582720C45E0085F1BC /* Project object */;
			proxyType = 1;
			remoteGlobalIDString = FBF4C758273DBAF6000AA179;
			remoteInfo = "WatchLandmarks WatchKit Extension";
		};
		FBF4C76F273DBAF7000AA179 /* PBXContainerItemProxy */ = {
			isa = PBXContainerItemProxy;
			containerPortal = FB3656582720C45E0085F1BC /* Project object */;
			proxyType = 1;
			remoteGlobalIDString = FBF4C750273DBAF4000AA179;
			remoteInfo = WatchLandmarks;
		};
/* End PBXContainerItemProxy section */

/* Begin PBXCopyFilesBuildPhase section */
		FBF4C775273DBAF7000AA179 /* Embed App Extensions */ = {
			isa = PBXCopyFilesBuildPhase;
			buildActionMask = 2147483647;
			dstPath = "";
			dstSubfolderSpec = 13;
			files = (
				FBF4C75A273DBAF6000AA179 /* WatchLandmarks WatchKit Extension.appex in Embed App Extensions */,
			);
			name = "Embed App Extensions";
			runOnlyForDeploymentPostprocessing = 0;
		};
		FBF4C779273DBAF7000AA179 /* Embed Watch Content */ = {
			isa = PBXCopyFilesBuildPhase;
			buildActionMask = 2147483647;
			dstPath = "$(CONTENTS_FOLDER_PATH)/Watch";
			dstSubfolderSpec = 16;
			files = (
				FBF4C771273DBAF7000AA179 /* WatchLandmarks.app in Embed Watch Content */,
			);
			name = "Embed Watch Content";
			runOnlyForDeploymentPostprocessing = 0;
		};
/* End PBXCopyFilesBuildPhase section */

/* Begin PBXFileReference section */
		FB06ADBC2721E9FF00851271 /* FavoriteButton.swift */ = {isa = PBXFileReference; lastKnownFileType = sourcecode.swift; path = FavoriteButton.swift; sourceTree = "<group>"; };
		FB06ADC02721EE9200851271 /* HexagonParameters.swift */ = {isa = PBXFileReference; lastKnownFileType = sourcecode.swift; path = HexagonParameters.swift; sourceTree = "<group>"; };
		FB06ADC22721EFCA00851271 /* BadgeBackground.swift */ = {isa = PBXFileReference; lastKnownFileType = sourcecode.swift; path = BadgeBackground.swift; sourceTree = "<group>"; };
		FB06ADC42721F50A00851271 /* BadgeSymbol.swift */ = {isa = PBXFileReference; lastKnownFileType = sourcecode.swift; path = BadgeSymbol.swift; sourceTree = "<group>"; };
		FB06ADC62721F87D00851271 /* RotatedBadgeSymbol.swift */ = {isa = PBXFileReference; lastKnownFileType = sourcecode.swift; path = RotatedBadgeSymbol.swift; sourceTree = "<group>"; };
		FB06ADC82721F8FD00851271 /* Badge.swift */ = {isa = PBXFileReference; lastKnownFileType = sourcecode.swift; path = Badge.swift; sourceTree = "<group>"; };
		FB06ADCB2721FC4B00851271 /* hikeData.json */ = {isa = PBXFileReference; fileEncoding = 4; lastKnownFileType = text.json; path = hikeData.json; sourceTree = "<group>"; };
		FB06ADCD2721FC7500851271 /* Hike.swift */ = {isa = PBXFileReference; lastKnownFileType = sourcecode.swift; path = Hike.swift; sourceTree = "<group>"; };
		FB06ADD02721FDFA00851271 /* GraphCapsule.swift */ = {isa = PBXFileReference; fileEncoding = 4; lastKnownFileType = sourcecode.swift; path = GraphCapsule.swift; sourceTree = "<group>"; };
		FB06ADD12721FDFA00851271 /* HikeGraph.swift */ = {isa = PBXFileReference; fileEncoding = 4; lastKnownFileType = sourcecode.swift; path = HikeGraph.swift; sourceTree = "<group>"; };
		FB06ADD22721FDFA00851271 /* HikeDetail.swift */ = {isa = PBXFileReference; fileEncoding = 4; lastKnownFileType = sourcecode.swift; path = HikeDetail.swift; sourceTree = "<group>"; };
		FB06ADD32721FDFA00851271 /* HikeView.swift */ = {isa = PBXFileReference; fileEncoding = 4; lastKnownFileType = sourcecode.swift; path = HikeView.swift; sourceTree = "<group>"; };
		FB08C169273C302500CFDD6C /* CategoryHome.swift */ = {isa = PBXFileReference; lastKnownFileType = sourcecode.swift; path = CategoryHome.swift; sourceTree = "<group>"; };
		FB08C16B273C328D00CFDD6C /* CategoryRow.swift */ = {isa = PBXFileReference; lastKnownFileType = sourcecode.swift; path = CategoryRow.swift; sourceTree = "<group>"; };
		FB08C16D273C361300CFDD6C /* CategoryItem.swift */ = {isa = PBXFileReference; lastKnownFileType = sourcecode.swift; path = CategoryItem.swift; sourceTree = "<group>"; };
		FB08C16F273C58AF00CFDD6C /* Profile.swift */ = {isa = PBXFileReference; lastKnownFileType = sourcecode.swift; path = Profile.swift; sourceTree = "<group>"; };
		FB08C172273C59CA00CFDD6C /* ProfileHost.swift */ = {isa = PBXFileReference; lastKnownFileType = sourcecode.swift; path = ProfileHost.swift; sourceTree = "<group>"; };
		FB08C174273C5A6700CFDD6C /* ProfileSummary.swift */ = {isa = PBXFileReference; lastKnownFileType = sourcecode.swift; path = ProfileSummary.swift; sourceTree = "<group>"; };
		FB08C176273C5C5B00CFDD6C /* HikeBadge.swift */ = {isa = PBXFileReference; lastKnownFileType = sourcecode.swift; path = HikeBadge.swift; sourceTree = "<group>"; };
		FB3656602720C45E0085F1BC /* Landmarks.app */ = {isa = PBXFileReference; explicitFileType = wrapper.application; includeInIndex = 0; path = Landmarks.app; sourceTree = BUILT_PRODUCTS_DIR; };
		FB3656632720C45E0085F1BC /* LandmarksApp.swift */ = {isa = PBXFileReference; lastKnownFileType = sourcecode.swift; path = LandmarksApp.swift; sourceTree = "<group>"; };
		FB3656652720C45E0085F1BC /* ContentView.swift */ = {isa = PBXFileReference; lastKnownFileType = sourcecode.swift; path = ContentView.swift; sourceTree = "<group>"; };
		FB3656672720C4600085F1BC /* Assets.xcassets */ = {isa = PBXFileReference; lastKnownFileType = folder.assetcatalog; path = Assets.xcassets; sourceTree = "<group>"; };
		FB36566A2720C4600085F1BC /* Preview Assets.xcassets */ = {isa = PBXFileReference; lastKnownFileType = folder.assetcatalog; path = "Preview Assets.xcassets"; sourceTree = "<group>"; };
		FB3656712720C8E40085F1BC /* CircleImage.swift */ = {isa = PBXFileReference; lastKnownFileType = sourcecode.swift; path = CircleImage.swift; sourceTree = "<group>"; };
		FB3656732720CA040085F1BC /* MapView.swift */ = {isa = PBXFileReference; lastKnownFileType = sourcecode.swift; path = MapView.swift; sourceTree = "<group>"; };
		FB3656752721ACEF0085F1BC /* landmarkData.json */ = {isa = PBXFileReference; fileEncoding = 4; lastKnownFileType = text.json; path = landmarkData.json; sourceTree = "<group>"; };
		FB3656772721AD0F0085F1BC /* Landmark.swift */ = {isa = PBXFileReference; lastKnownFileType = sourcecode.swift; path = Landmark.swift; sourceTree = "<group>"; };
		FB3656792721AFD50085F1BC /* ModelData.swift */ = {isa = PBXFileReference; lastKnownFileType = sourcecode.swift; path = ModelData.swift; sourceTree = "<group>"; };
		FB36567F2721B4E40085F1BC /* LandmarkRow.swift */ = {isa = PBXFileReference; lastKnownFileType = sourcecode.swift; path = LandmarkRow.swift; sourceTree = "<group>"; };
		FB3656812721BD340085F1BC /* LandmarkList.swift */ = {isa = PBXFileReference; lastKnownFileType = sourcecode.swift; path = LandmarkList.swift; sourceTree = "<group>"; };
		FB3656832721BF560085F1BC /* LandmarkDetail.swift */ = {isa = PBXFileReference; lastKnownFileType = sourcecode.swift; path = LandmarkDetail.swift; sourceTree = "<group>"; };
		FBE17C98273D68B900873546 /* ProfileEditor.swift */ = {isa = PBXFileReference; lastKnownFileType = sourcecode.swift; path = ProfileEditor.swift; sourceTree = "<group>"; };
		FBE17C9B273D728800873546 /* PageViewController.swift */ = {isa = PBXFileReference; lastKnownFileType = sourcecode.swift; path = PageViewController.swift; sourceTree = "<group>"; };
		FBE17C9D273D746E00873546 /* FeatureCard.swift */ = {isa = PBXFileReference; lastKnownFileType = sourcecode.swift; path = FeatureCard.swift; sourceTree = "<group>"; };
		FBE17C9F273D77A400873546 /* PageView.swift */ = {isa = PBXFileReference; lastKnownFileType = sourcecode.swift; path = PageView.swift; sourceTree = "<group>"; };
		FBF4C74D273DB591000AA179 /* PageControl.swift */ = {isa = PBXFileReference; lastKnownFileType = sourcecode.swift; path = PageControl.swift; sourceTree = "<group>"; };
		FBF4C751273DBAF4000AA179 /* WatchLandmarks.app */ = {isa = PBXFileReference; explicitFileType = wrapper.application; includeInIndex = 0; path = WatchLandmarks.app; sourceTree = BUILT_PRODUCTS_DIR; };
		FBF4C753273DBAF5000AA179 /* Assets.xcassets */ = {isa = PBXFileReference; lastKnownFileType = folder.assetcatalog; path = Assets.xcassets; sourceTree = "<group>"; };
		FBF4C759273DBAF6000AA179 /* WatchLandmarks WatchKit Extension.appex */ = {isa = PBXFileReference; explicitFileType = "wrapper.app-extension"; includeInIndex = 0; path = "WatchLandmarks WatchKit Extension.appex"; sourceTree = BUILT_PRODUCTS_DIR; };
		FBF4C760273DBAF6000AA179 /* ContentView.swift */ = {isa = PBXFileReference; lastKnownFileType = sourcecode.swift; path = ContentView.swift; sourceTree = "<group>"; };
		FBF4C762273DBAF6000AA179 /* NotificationController.swift */ = {isa = PBXFileReference; lastKnownFileType = sourcecode.swift; path = NotificationController.swift; sourceTree = "<group>"; };
		FBF4C764273DBAF6000AA179 /* NotificationView.swift */ = {isa = PBXFileReference; lastKnownFileType = sourcecode.swift; path = NotificationView.swift; sourceTree = "<group>"; };
		FBF4C766273DBAF6000AA179 /* ComplicationController.swift */ = {isa = PBXFileReference; lastKnownFileType = sourcecode.swift; path = ComplicationController.swift; sourceTree = "<group>"; };
		FBF4C768273DBAF7000AA179 /* Assets.xcassets */ = {isa = PBXFileReference; lastKnownFileType = folder.assetcatalog; path = Assets.xcassets; sourceTree = "<group>"; };
		FBF4C76B273DBAF7000AA179 /* Preview Assets.xcassets */ = {isa = PBXFileReference; lastKnownFileType = folder.assetcatalog; path = "Preview Assets.xcassets"; sourceTree = "<group>"; };
		FBF4C76D273DBAF7000AA179 /* Info.plist */ = {isa = PBXFileReference; lastKnownFileType = text.plist.xml; path = Info.plist; sourceTree = "<group>"; };
		FBF4C76E273DBAF7000AA179 /* PushNotificationPayload.apns */ = {isa = PBXFileReference; lastKnownFileType = text; path = PushNotificationPayload.apns; sourceTree = "<group>"; };
		FBF4C788273DBCF3000AA179 /* LandmarkDetail.swift */ = {isa = PBXFileReference; lastKnownFileType = sourcecode.swift; path = LandmarkDetail.swift; sourceTree = "<group>"; };
		FBF4C78E273DC698000AA179 /* MacLandmarks.app */ = {isa = PBXFileReference; explicitFileType = wrapper.application; includeInIndex = 0; path = MacLandmarks.app; sourceTree = BUILT_PRODUCTS_DIR; };
		FBF4C792273DC698000AA179 /* ContentView.swift */ = {isa = PBXFileReference; lastKnownFileType = sourcecode.swift; path = ContentView.swift; sourceTree = "<group>"; };
		FBF4C794273DC69A000AA179 /* Assets.xcassets */ = {isa = PBXFileReference; lastKnownFileType = folder.assetcatalog; path = Assets.xcassets; sourceTree = "<group>"; };
		FBF4C797273DC69A000AA179 /* Preview Assets.xcassets */ = {isa = PBXFileReference; lastKnownFileType = folder.assetcatalog; path = "Preview Assets.xcassets"; sourceTree = "<group>"; };
		FBF4C799273DC69A000AA179 /* MacLandmarks.entitlements */ = {isa = PBXFileReference; lastKnownFileType = text.plist.entitlements; path = MacLandmarks.entitlements; sourceTree = "<group>"; };
		FBF4C7AA273DC82D000AA179 /* LandmarkDetail.swift */ = {isa = PBXFileReference; lastKnownFileType = sourcecode.swift; path = LandmarkDetail.swift; sourceTree = "<group>"; };
/* End PBXFileReference section */

/* Begin PBXFrameworksBuildPhase section */
		FB36565D2720C45E0085F1BC /* Frameworks */ = {
			isa = PBXFrameworksBuildPhase;
			buildActionMask = 2147483647;
			files = (
			);
			runOnlyForDeploymentPostprocessing = 0;
		};
		FBF4C756273DBAF6000AA179 /* Frameworks */ = {
			isa = PBXFrameworksBuildPhase;
			buildActionMask = 2147483647;
			files = (
			);
			runOnlyForDeploymentPostprocessing = 0;
		};
		FBF4C78B273DC698000AA179 /* Frameworks */ = {
			isa = PBXFrameworksBuildPhase;
			buildActionMask = 2147483647;
			files = (
			);
			runOnlyForDeploymentPostprocessing = 0;
		};
/* End PBXFrameworksBuildPhase section */

/* Begin PBXGroup section */
		FB06ADBE2721EBA700851271 /* Helpers */ = {
			isa = PBXGroup;
			children = (
				FB06ADBC2721E9FF00851271 /* FavoriteButton.swift */,
				FB3656732720CA040085F1BC /* MapView.swift */,
				FB3656712720C8E40085F1BC /* CircleImage.swift */,
			);
			path = Helpers;
			sourceTree = "<group>";
		};
		FB06ADBF2721EBF100851271 /* Landmarks */ = {
			isa = PBXGroup;
			children = (
				FB3656832721BF560085F1BC /* LandmarkDetail.swift */,
				FB3656812721BD340085F1BC /* LandmarkList.swift */,
				FB36567F2721B4E40085F1BC /* LandmarkRow.swift */,
			);
			path = Landmarks;
			sourceTree = "<group>";
		};
		FB06ADCA2721FB2E00851271 /* Badges */ = {
			isa = PBXGroup;
			children = (
				FB06ADC22721EFCA00851271 /* BadgeBackground.swift */,
				FB06ADC82721F8FD00851271 /* Badge.swift */,
				FB06ADC62721F87D00851271 /* RotatedBadgeSymbol.swift */,
				FB06ADC02721EE9200851271 /* HexagonParameters.swift */,
				FB06ADC42721F50A00851271 /* BadgeSymbol.swift */,
			);
			path = Badges;
			sourceTree = "<group>";
		};
		FB06ADCF2721FDFA00851271 /* Hikes */ = {
			isa = PBXGroup;
			children = (
				FB06ADD02721FDFA00851271 /* GraphCapsule.swift */,
				FB06ADD12721FDFA00851271 /* HikeGraph.swift */,
				FB06ADD22721FDFA00851271 /* HikeDetail.swift */,
				FB06ADD32721FDFA00851271 /* HikeView.swift */,
				FB08C176273C5C5B00CFDD6C /* HikeBadge.swift */,
			);
			path = Hikes;
			sourceTree = "<group>";
		};
		FB08C168273C2FF200CFDD6C /* Categories */ = {
			isa = PBXGroup;
			children = (
				FB08C169273C302500CFDD6C /* CategoryHome.swift */,
				FB08C16B273C328D00CFDD6C /* CategoryRow.swift */,
				FB08C16D273C361300CFDD6C /* CategoryItem.swift */,
			);
			path = Categories;
			sourceTree = "<group>";
		};
		FB08C171273C59A300CFDD6C /* Profiles */ = {
			isa = PBXGroup;
			children = (
				FB08C172273C59CA00CFDD6C /* ProfileHost.swift */,
				FB08C174273C5A6700CFDD6C /* ProfileSummary.swift */,
				FBE17C98273D68B900873546 /* ProfileEditor.swift */,
			);
			path = Profiles;
			sourceTree = "<group>";
		};
		FB3656572720C45E0085F1BC = {
			isa = PBXGroup;
			children = (
				FB3656622720C45E0085F1BC /* Landmarks */,
				FBF4C752273DBAF4000AA179 /* WatchLandmarks */,
				FBF4C75D273DBAF6000AA179 /* WatchLandmarks WatchKit Extension */,
				FBF4C78F273DC698000AA179 /* MacLandmarks */,
				FB3656612720C45E0085F1BC /* Products */,
			);
			sourceTree = "<group>";
		};
		FB3656612720C45E0085F1BC /* Products */ = {
			isa = PBXGroup;
			children = (
				FB3656602720C45E0085F1BC /* Landmarks.app */,
				FBF4C751273DBAF4000AA179 /* WatchLandmarks.app */,
				FBF4C759273DBAF6000AA179 /* WatchLandmarks WatchKit Extension.appex */,
				FBF4C78E273DC698000AA179 /* MacLandmarks.app */,
			);
			name = Products;
			sourceTree = "<group>";
		};
		FB3656622720C45E0085F1BC /* Landmarks */ = {
			isa = PBXGroup;
			children = (
				FB3656632720C45E0085F1BC /* LandmarksApp.swift */,
				FB36567B2721B3AD0085F1BC /* Views */,
				FB36567E2721B47A0085F1BC /* Model */,
				FB36567C2721B3F30085F1BC /* Rescources */,
				FB3656672720C4600085F1BC /* Assets.xcassets */,
				FB3656692720C4600085F1BC /* Preview Content */,
			);
			path = Landmarks;
			sourceTree = "<group>";
		};
		FB3656692720C4600085F1BC /* Preview Content */ = {
			isa = PBXGroup;
			children = (
				FB36566A2720C4600085F1BC /* Preview Assets.xcassets */,
			);
			path = "Preview Content";
			sourceTree = "<group>";
		};
		FB36567B2721B3AD0085F1BC /* Views */ = {
			isa = PBXGroup;
			children = (
				FBE17C9A273D6E2200873546 /* pageView */,
				FB08C171273C59A300CFDD6C /* Profiles */,
				FB08C168273C2FF200CFDD6C /* Categories */,
				FB3656652720C45E0085F1BC /* ContentView.swift */,
				FB06ADBF2721EBF100851271 /* Landmarks */,
				FB06ADCA2721FB2E00851271 /* Badges */,
				FB06ADBE2721EBA700851271 /* Helpers */,
			);
			path = Views;
			sourceTree = "<group>";
		};
		FB36567C2721B3F30085F1BC /* Rescources */ = {
			isa = PBXGroup;
			children = (
				FB06ADCF2721FDFA00851271 /* Hikes */,
				FB3656752721ACEF0085F1BC /* landmarkData.json */,
				FB06ADCB2721FC4B00851271 /* hikeData.json */,
			);
			path = Rescources;
			sourceTree = "<group>";
		};
		FB36567E2721B47A0085F1BC /* Model */ = {
			isa = PBXGroup;
			children = (
				FB3656792721AFD50085F1BC /* ModelData.swift */,
				FB3656772721AD0F0085F1BC /* Landmark.swift */,
				FB06ADCD2721FC7500851271 /* Hike.swift */,
				FB08C16F273C58AF00CFDD6C /* Profile.swift */,
			);
			path = Model;
			sourceTree = "<group>";
		};
		FBE17C9A273D6E2200873546 /* pageView */ = {
			isa = PBXGroup;
			children = (
				FBE17C9B273D728800873546 /* PageViewController.swift */,
				FBE17C9D273D746E00873546 /* FeatureCard.swift */,
				FBE17C9F273D77A400873546 /* PageView.swift */,
				FBF4C74D273DB591000AA179 /* PageControl.swift */,
			);
			path = pageView;
			sourceTree = "<group>";
		};
		FBF4C752273DBAF4000AA179 /* WatchLandmarks */ = {
			isa = PBXGroup;
			children = (
				FBF4C753273DBAF5000AA179 /* Assets.xcassets */,
			);
			path = WatchLandmarks;
			sourceTree = "<group>";
		};
		FBF4C75D273DBAF6000AA179 /* WatchLandmarks WatchKit Extension */ = {
			isa = PBXGroup;
			children = (
				FBF4C788273DBCF3000AA179 /* LandmarkDetail.swift */,
				FBF4C760273DBAF6000AA179 /* ContentView.swift */,
				FBF4C762273DBAF6000AA179 /* NotificationController.swift */,
				FBF4C764273DBAF6000AA179 /* NotificationView.swift */,
				FBF4C766273DBAF6000AA179 /* ComplicationController.swift */,
				FBF4C768273DBAF7000AA179 /* Assets.xcassets */,
				FBF4C76D273DBAF7000AA179 /* Info.plist */,
				FBF4C76E273DBAF7000AA179 /* PushNotificationPayload.apns */,
				FBF4C76A273DBAF7000AA179 /* Preview Content */,
			);
			path = "WatchLandmarks WatchKit Extension";
			sourceTree = "<group>";
		};
		FBF4C76A273DBAF7000AA179 /* Preview Content */ = {
			isa = PBXGroup;
			children = (
				FBF4C76B273DBAF7000AA179 /* Preview Assets.xcassets */,
			);
			path = "Preview Content";
			sourceTree = "<group>";
		};
		FBF4C78F273DC698000AA179 /* MacLandmarks */ = {
			isa = PBXGroup;
			children = (
				FBF4C792273DC698000AA179 /* ContentView.swift */,
				FBF4C794273DC69A000AA179 /* Assets.xcassets */,
				FBF4C799273DC69A000AA179 /* MacLandmarks.entitlements */,
				FBF4C796273DC69A000AA179 /* Preview Content */,
				FBF4C7AA273DC82D000AA179 /* LandmarkDetail.swift */,
			);
			path = MacLandmarks;
			sourceTree = "<group>";
		};
		FBF4C796273DC69A000AA179 /* Preview Content */ = {
			isa = PBXGroup;
			children = (
				FBF4C797273DC69A000AA179 /* Preview Assets.xcassets */,
			);
			path = "Preview Content";
			sourceTree = "<group>";
		};
/* End PBXGroup section */

/* Begin PBXNativeTarget section */
		FB36565F2720C45E0085F1BC /* Landmarks */ = {
			isa = PBXNativeTarget;
			buildConfigurationList = FB36566E2720C4600085F1BC /* Build configuration list for PBXNativeTarget "Landmarks" */;
			buildPhases = (
				FB36565C2720C45E0085F1BC /* Sources */,
				FB36565D2720C45E0085F1BC /* Frameworks */,
				FB36565E2720C45E0085F1BC /* Resources */,
				FBF4C779273DBAF7000AA179 /* Embed Watch Content */,
			);
			buildRules = (
			);
			dependencies = (
				FBF4C770273DBAF7000AA179 /* PBXTargetDependency */,
			);
			name = Landmarks;
			productName = Landmarks;
			productReference = FB3656602720C45E0085F1BC /* Landmarks.app */;
			productType = "com.apple.product-type.application";
		};
		FBF4C750273DBAF4000AA179 /* WatchLandmarks */ = {
			isa = PBXNativeTarget;
			buildConfigurationList = FBF4C776273DBAF7000AA179 /* Build configuration list for PBXNativeTarget "WatchLandmarks" */;
			buildPhases = (
				FBF4C74F273DBAF4000AA179 /* Resources */,
				FBF4C775273DBAF7000AA179 /* Embed App Extensions */,
			);
			buildRules = (
			);
			dependencies = (
				FBF4C75C273DBAF6000AA179 /* PBXTargetDependency */,
			);
			name = WatchLandmarks;
			productName = WatchLandmarks;
			productReference = FBF4C751273DBAF4000AA179 /* WatchLandmarks.app */;
			productType = "com.apple.product-type.application.watchapp2";
		};
		FBF4C758273DBAF6000AA179 /* WatchLandmarks WatchKit Extension */ = {
			isa = PBXNativeTarget;
			buildConfigurationList = FBF4C772273DBAF7000AA179 /* Build configuration list for PBXNativeTarget "WatchLandmarks WatchKit Extension" */;
			buildPhases = (
				FBF4C755273DBAF6000AA179 /* Sources */,
				FBF4C756273DBAF6000AA179 /* Frameworks */,
				FBF4C757273DBAF6000AA179 /* Resources */,
			);
			buildRules = (
			);
			dependencies = (
			);
			name = "WatchLandmarks WatchKit Extension";
			productName = "WatchLandmarks WatchKit Extension";
			productReference = FBF4C759273DBAF6000AA179 /* WatchLandmarks WatchKit Extension.appex */;
			productType = "com.apple.product-type.watchkit2-extension";
		};
		FBF4C78D273DC698000AA179 /* MacLandmarks */ = {
			isa = PBXNativeTarget;
			buildConfigurationList = FBF4C79A273DC69A000AA179 /* Build configuration list for PBXNativeTarget "MacLandmarks" */;
			buildPhases = (
				FBF4C78A273DC698000AA179 /* Sources */,
				FBF4C78B273DC698000AA179 /* Frameworks */,
				FBF4C78C273DC698000AA179 /* Resources */,
			);
			buildRules = (
			);
			dependencies = (
			);
			name = MacLandmarks;
			productName = MacLandmarks;
			productReference = FBF4C78E273DC698000AA179 /* MacLandmarks.app */;
			productType = "com.apple.product-type.application";
		};
/* End PBXNativeTarget section */

/* Begin PBXProject section */
		FB3656582720C45E0085F1BC /* Project object */ = {
			isa = PBXProject;
			attributes = {
				BuildIndependentTargetsInParallel = 1;
				LastSwiftUpdateCheck = 1310;
				LastUpgradeCheck = 1300;
				TargetAttributes = {
					FB36565F2720C45E0085F1BC = {
						CreatedOnToolsVersion = 13.0;
					};
					FBF4C750273DBAF4000AA179 = {
						CreatedOnToolsVersion = 13.1;
					};
					FBF4C758273DBAF6000AA179 = {
						CreatedOnToolsVersion = 13.1;
					};
					FBF4C78D273DC698000AA179 = {
						CreatedOnToolsVersion = 13.1;
					};
				};
			};
			buildConfigurationList = FB36565B2720C45E0085F1BC /* Build configuration list for PBXProject "Landmarks" */;
			compatibilityVersion = "Xcode 13.0";
			developmentRegion = en;
			hasScannedForEncodings = 0;
			knownRegions = (
				en,
				Base,
			);
			mainGroup = FB3656572720C45E0085F1BC;
			productRefGroup = FB3656612720C45E0085F1BC /* Products */;
			projectDirPath = "";
			projectRoot = "";
			targets = (
				FB36565F2720C45E0085F1BC /* Landmarks */,
				FBF4C750273DBAF4000AA179 /* WatchLandmarks */,
				FBF4C758273DBAF6000AA179 /* WatchLandmarks WatchKit Extension */,
				FBF4C78D273DC698000AA179 /* MacLandmarks */,
			);
		};
/* End PBXProject section */

/* Begin PBXResourcesBuildPhase section */
		FB36565E2720C45E0085F1BC /* Resources */ = {
			isa = PBXResourcesBuildPhase;
			buildActionMask = 2147483647;
			files = (
				FB06ADCC2721FC4B00851271 /* hikeData.json in Resources */,
				FB36566B2720C4600085F1BC /* Preview Assets.xcassets in Resources */,
				FB3656682720C4600085F1BC /* Assets.xcassets in Resources */,
				FB3656762721ACEF0085F1BC /* landmarkData.json in Resources */,
			);
			runOnlyForDeploymentPostprocessing = 0;
		};
		FBF4C74F273DBAF4000AA179 /* Resources */ = {
			isa = PBXResourcesBuildPhase;
			buildActionMask = 2147483647;
			files = (
				FBF4C754273DBAF5000AA179 /* Assets.xcassets in Resources */,
			);
			runOnlyForDeploymentPostprocessing = 0;
		};
		FBF4C757273DBAF6000AA179 /* Resources */ = {
			isa = PBXResourcesBuildPhase;
			buildActionMask = 2147483647;
			files = (
				FBF4C780273DBC2C000AA179 /* hikeData.json in Resources */,
				FBF4C76C273DBAF7000AA179 /* Preview Assets.xcassets in Resources */,
				FBF4C769273DBAF7000AA179 /* Assets.xcassets in Resources */,
				FBF4C77E273DBC2C000AA179 /* landmarkData.json in Resources */,
				FBF4C781273DBC2C000AA179 /* Assets.xcassets in Resources */,
			);
			runOnlyForDeploymentPostprocessing = 0;
		};
		FBF4C78C273DC698000AA179 /* Resources */ = {
			isa = PBXResourcesBuildPhase;
			buildActionMask = 2147483647;
			files = (
				FBF4C798273DC69A000AA179 /* Preview Assets.xcassets in Resources */,
				FBF4C7A1273DC74E000AA179 /* hikeData.json in Resources */,
				FBF4C7A5273DC74E000AA179 /* Assets.xcassets in Resources */,
				FBF4C7A9273DC74E000AA179 /* landmarkData.json in Resources */,
				FBF4C795273DC69A000AA179 /* Assets.xcassets in Resources */,
			);
			runOnlyForDeploymentPostprocessing = 0;
		};
/* End PBXResourcesBuildPhase section */

/* Begin PBXSourcesBuildPhase section */
		FB36565C2720C45E0085F1BC /* Sources */ = {
			isa = PBXSourcesBuildPhase;
			buildActionMask = 2147483647;
			files = (
				FB08C16C273C328D00CFDD6C /* CategoryRow.swift in Sources */,
				FB08C170273C58AF00CFDD6C /* Profile.swift in Sources */,
				FB3656662720C45E0085F1BC /* ContentView.swift in Sources */,
				FB08C16A273C302500CFDD6C /* CategoryHome.swift in Sources */,
				FBE17C9E273D746E00873546 /* FeatureCard.swift in Sources */,
				FB06ADD52721FDFA00851271 /* HikeGraph.swift in Sources */,
				FB06ADC92721F8FD00851271 /* Badge.swift in Sources */,
				FB3656742720CA040085F1BC /* MapView.swift in Sources */,
				FB06ADD42721FDFA00851271 /* GraphCapsule.swift in Sources */,
				FB3656642720C45E0085F1BC /* LandmarksApp.swift in Sources */,
				FBF4C74E273DB591000AA179 /* PageControl.swift in Sources */,
				FB06ADBD2721E9FF00851271 /* FavoriteButton.swift in Sources */,
				FB08C16E273C361300CFDD6C /* CategoryItem.swift in Sources */,
				FB06ADD62721FDFA00851271 /* HikeDetail.swift in Sources */,
				FB08C175273C5A6700CFDD6C /* ProfileSummary.swift in Sources */,
				FB06ADC12721EE9200851271 /* HexagonParameters.swift in Sources */,
				FB08C173273C59CA00CFDD6C /* ProfileHost.swift in Sources */,
				FB06ADCE2721FC7500851271 /* Hike.swift in Sources */,
				FB06ADC72721F87D00851271 /* RotatedBadgeSymbol.swift in Sources */,
				FBE17CA0273D77A400873546 /* PageView.swift in Sources */,
				FB06ADC52721F50A00851271 /* BadgeSymbol.swift in Sources */,
				FBE17C99273D68B900873546 /* ProfileEditor.swift in Sources */,
				FB3656822721BD340085F1BC /* LandmarkList.swift in Sources */,
				FB06ADD72721FDFA00851271 /* HikeView.swift in Sources */,
				FB3656842721BF560085F1BC /* LandmarkDetail.swift in Sources */,
				FBE17C9C273D728800873546 /* PageViewController.swift in Sources */,
				FB06ADC32721EFCA00851271 /* BadgeBackground.swift in Sources */,
				FB08C177273C5C5B00CFDD6C /* HikeBadge.swift in Sources */,
				FB3656722720C8E40085F1BC /* CircleImage.swift in Sources */,
				FB3656782721AD0F0085F1BC /* Landmark.swift in Sources */,
				FB3656802721B4E40085F1BC /* LandmarkRow.swift in Sources */,
				FB36567A2721AFD50085F1BC /* ModelData.swift in Sources */,
			);
			runOnlyForDeploymentPostprocessing = 0;
		};
		FBF4C755273DBAF6000AA179 /* Sources */ = {
			isa = PBXSourcesBuildPhase;
			buildActionMask = 2147483647;
			files = (
				FBF4C77C273DBC2C000AA179 /* Landmark.swift in Sources */,
				FBF4C77D273DBC2C000AA179 /* Profile.swift in Sources */,
				FBF4C763273DBAF6000AA179 /* NotificationController.swift in Sources */,
				FBF4C761273DBAF6000AA179 /* ContentView.swift in Sources */,
				FBF4C785273DBC2C000AA179 /* LandmarkList.swift in Sources */,
				FBF4C77A273DBC2C000AA179 /* MapView.swift in Sources */,
				FBF4C789273DBCF3000AA179 /* LandmarkDetail.swift in Sources */,
				FBF4C767273DBAF6000AA179 /* ComplicationController.swift in Sources */,
				FBF4C77F273DBC2C000AA179 /* Hike.swift in Sources */,
				FBF4C784273DBC2C000AA179 /* LandmarksApp.swift in Sources */,
				FBF4C782273DBC2C000AA179 /* ModelData.swift in Sources */,
				FBF4C783273DBC2C000AA179 /* LandmarkRow.swift in Sources */,
				FBF4C765273DBAF6000AA179 /* NotificationView.swift in Sources */,
				FBF4C77B273DBC2C000AA179 /* CircleImage.swift in Sources */,
			);
			runOnlyForDeploymentPostprocessing = 0;
		};
		FBF4C78A273DC698000AA179 /* Sources */ = {
			isa = PBXSourcesBuildPhase;
			buildActionMask = 2147483647;
			files = (
				FBF4C79D273DC74E000AA179 /* LandmarkRow.swift in Sources */,
				FBF4C7A3273DC74E000AA179 /* LandmarksApp.swift in Sources */,
				FBF4C79F273DC74E000AA179 /* MapView.swift in Sources */,
				FBF4C7A7273DC74E000AA179 /* FavoriteButton.swift in Sources */,
				FBF4C7AB273DC82D000AA179 /* LandmarkDetail.swift in Sources */,
				FBF4C79E273DC74E000AA179 /* LandmarkList.swift in Sources */,
				FBF4C793273DC698000AA179 /* ContentView.swift in Sources */,
				FBF4C7A0273DC74E000AA179 /* CircleImage.swift in Sources */,
				FBF4C7A8273DC74E000AA179 /* ModelData.swift in Sources */,
				FBF4C7A4273DC74E000AA179 /* Hike.swift in Sources */,
				FBF4C7A6273DC74E000AA179 /* Profile.swift in Sources */,
				FBF4C7A2273DC74E000AA179 /* Landmark.swift in Sources */,
			);
			runOnlyForDeploymentPostprocessing = 0;
		};
/* End PBXSourcesBuildPhase section */

/* Begin PBXTargetDependency section */
		FBF4C75C273DBAF6000AA179 /* PBXTargetDependency */ = {
			isa = PBXTargetDependency;
			target = FBF4C758273DBAF6000AA179 /* WatchLandmarks WatchKit Extension */;
			targetProxy = FBF4C75B273DBAF6000AA179 /* PBXContainerItemProxy */;
		};
		FBF4C770273DBAF7000AA179 /* PBXTargetDependency */ = {
			isa = PBXTargetDependency;
			target = FBF4C750273DBAF4000AA179 /* WatchLandmarks */;
			targetProxy = FBF4C76F273DBAF7000AA179 /* PBXContainerItemProxy */;
		};
/* End PBXTargetDependency section */

/* Begin XCBuildConfiguration section */
		FB36566C2720C4600085F1BC /* Debug */ = {
			isa = XCBuildConfiguration;
			buildSettings = {
				ALWAYS_SEARCH_USER_PATHS = NO;
				CLANG_ANALYZER_NONNULL = YES;
				CLANG_ANALYZER_NUMBER_OBJECT_CONVERSION = YES_AGGRESSIVE;
				CLANG_CXX_LANGUAGE_STANDARD = "gnu++17";
				CLANG_CXX_LIBRARY = "libc++";
				CLANG_ENABLE_MODULES = YES;
				CLANG_ENABLE_OBJC_ARC = YES;
				CLANG_ENABLE_OBJC_WEAK = YES;
				CLANG_WARN_BLOCK_CAPTURE_AUTORELEASING = YES;
				CLANG_WARN_BOOL_CONVERSION = YES;
				CLANG_WARN_COMMA = YES;
				CLANG_WARN_CONSTANT_CONVERSION = YES;
				CLANG_WARN_DEPRECATED_OBJC_IMPLEMENTATIONS = YES;
				CLANG_WARN_DIRECT_OBJC_ISA_USAGE = YES_ERROR;
				CLANG_WARN_DOCUMENTATION_COMMENTS = YES;
				CLANG_WARN_EMPTY_BODY = YES;
				CLANG_WARN_ENUM_CONVERSION = YES;
				CLANG_WARN_INFINITE_RECURSION = YES;
				CLANG_WARN_INT_CONVERSION = YES;
				CLANG_WARN_NON_LITERAL_NULL_CONVERSION = YES;
				CLANG_WARN_OBJC_IMPLICIT_RETAIN_SELF = YES;
				CLANG_WARN_OBJC_LITERAL_CONVERSION = YES;
				CLANG_WARN_OBJC_ROOT_CLASS = YES_ERROR;
				CLANG_WARN_QUOTED_INCLUDE_IN_FRAMEWORK_HEADER = YES;
				CLANG_WARN_RANGE_LOOP_ANALYSIS = YES;
				CLANG_WARN_STRICT_PROTOTYPES = YES;
				CLANG_WARN_SUSPICIOUS_MOVE = YES;
				CLANG_WARN_UNGUARDED_AVAILABILITY = YES_AGGRESSIVE;
				CLANG_WARN_UNREACHABLE_CODE = YES;
				CLANG_WARN__DUPLICATE_METHOD_MATCH = YES;
				COPY_PHASE_STRIP = NO;
				DEBUG_INFORMATION_FORMAT = dwarf;
				ENABLE_STRICT_OBJC_MSGSEND = YES;
				ENABLE_TESTABILITY = YES;
				GCC_C_LANGUAGE_STANDARD = gnu11;
				GCC_DYNAMIC_NO_PIC = NO;
				GCC_NO_COMMON_BLOCKS = YES;
				GCC_OPTIMIZATION_LEVEL = 0;
				GCC_PREPROCESSOR_DEFINITIONS = (
					"DEBUG=1",
					"$(inherited)",
				);
				GCC_WARN_64_TO_32_BIT_CONVERSION = YES;
				GCC_WARN_ABOUT_RETURN_TYPE = YES_ERROR;
				GCC_WARN_UNDECLARED_SELECTOR = YES;
				GCC_WARN_UNINITIALIZED_AUTOS = YES_AGGRESSIVE;
				GCC_WARN_UNUSED_FUNCTION = YES;
				GCC_WARN_UNUSED_VARIABLE = YES;
				IPHONEOS_DEPLOYMENT_TARGET = 15.0;
				MTL_ENABLE_DEBUG_INFO = INCLUDE_SOURCE;
				MTL_FAST_MATH = YES;
				ONLY_ACTIVE_ARCH = YES;
				SDKROOT = iphoneos;
				SWIFT_ACTIVE_COMPILATION_CONDITIONS = DEBUG;
				SWIFT_OPTIMIZATION_LEVEL = "-Onone";
			};
			name = Debug;
		};
		FB36566D2720C4600085F1BC /* Release */ = {
			isa = XCBuildConfiguration;
			buildSettings = {
				ALWAYS_SEARCH_USER_PATHS = NO;
				CLANG_ANALYZER_NONNULL = YES;
				CLANG_ANALYZER_NUMBER_OBJECT_CONVERSION = YES_AGGRESSIVE;
				CLANG_CXX_LANGUAGE_STANDARD = "gnu++17";
				CLANG_CXX_LIBRARY = "libc++";
				CLANG_ENABLE_MODULES = YES;
				CLANG_ENABLE_OBJC_ARC = YES;
				CLANG_ENABLE_OBJC_WEAK = YES;
				CLANG_WARN_BLOCK_CAPTURE_AUTORELEASING = YES;
				CLANG_WARN_BOOL_CONVERSION = YES;
				CLANG_WARN_COMMA = YES;
				CLANG_WARN_CONSTANT_CONVERSION = YES;
				CLANG_WARN_DEPRECATED_OBJC_IMPLEMENTATIONS = YES;
				CLANG_WARN_DIRECT_OBJC_ISA_USAGE = YES_ERROR;
				CLANG_WARN_DOCUMENTATION_COMMENTS = YES;
				CLANG_WARN_EMPTY_BODY = YES;
				CLANG_WARN_ENUM_CONVERSION = YES;
				CLANG_WARN_INFINITE_RECURSION = YES;
				CLANG_WARN_INT_CONVERSION = YES;
				CLANG_WARN_NON_LITERAL_NULL_CONVERSION = YES;
				CLANG_WARN_OBJC_IMPLICIT_RETAIN_SELF = YES;
				CLANG_WARN_OBJC_LITERAL_CONVERSION = YES;
				CLANG_WARN_OBJC_ROOT_CLASS = YES_ERROR;
				CLANG_WARN_QUOTED_INCLUDE_IN_FRAMEWORK_HEADER = YES;
				CLANG_WARN_RANGE_LOOP_ANALYSIS = YES;
				CLANG_WARN_STRICT_PROTOTYPES = YES;
				CLANG_WARN_SUSPICIOUS_MOVE = YES;
				CLANG_WARN_UNGUARDED_AVAILABILITY = YES_AGGRESSIVE;
				CLANG_WARN_UNREACHABLE_CODE = YES;
				CLANG_WARN__DUPLICATE_METHOD_MATCH = YES;
				COPY_PHASE_STRIP = NO;
				DEBUG_INFORMATION_FORMAT = "dwarf-with-dsym";
				ENABLE_NS_ASSERTIONS = NO;
				ENABLE_STRICT_OBJC_MSGSEND = YES;
				GCC_C_LANGUAGE_STANDARD = gnu11;
				GCC_NO_COMMON_BLOCKS = YES;
				GCC_WARN_64_TO_32_BIT_CONVERSION = YES;
				GCC_WARN_ABOUT_RETURN_TYPE = YES_ERROR;
				GCC_WARN_UNDECLARED_SELECTOR = YES;
				GCC_WARN_UNINITIALIZED_AUTOS = YES_AGGRESSIVE;
				GCC_WARN_UNUSED_FUNCTION = YES;
				GCC_WARN_UNUSED_VARIABLE = YES;
				IPHONEOS_DEPLOYMENT_TARGET = 15.0;
				MTL_ENABLE_DEBUG_INFO = NO;
				MTL_FAST_MATH = YES;
				SDKROOT = iphoneos;
				SWIFT_COMPILATION_MODE = wholemodule;
				SWIFT_OPTIMIZATION_LEVEL = "-O";
				VALIDATE_PRODUCT = YES;
			};
			name = Release;
		};
		FB36566F2720C4600085F1BC /* Debug */ = {
			isa = XCBuildConfiguration;
			buildSettings = {
				ASSETCATALOG_COMPILER_APPICON_NAME = AppIcon;
				ASSETCATALOG_COMPILER_GLOBAL_ACCENT_COLOR_NAME = AccentColor;
				CODE_SIGN_STYLE = Automatic;
				CURRENT_PROJECT_VERSION = 1;
				DEVELOPMENT_ASSET_PATHS = "\"Landmarks/Preview Content\"";
				ENABLE_PREVIEWS = YES;
				GENERATE_INFOPLIST_FILE = YES;
				INFOPLIST_KEY_UIApplicationSceneManifest_Generation = YES;
				INFOPLIST_KEY_UIApplicationSupportsIndirectInputEvents = YES;
				INFOPLIST_KEY_UILaunchScreen_Generation = YES;
				INFOPLIST_KEY_UISupportedInterfaceOrientations_iPad = "UIInterfaceOrientationPortrait UIInterfaceOrientationPortraitUpsideDown UIInterfaceOrientationLandscapeLeft UIInterfaceOrientationLandscapeRight";
				INFOPLIST_KEY_UISupportedInterfaceOrientations_iPhone = "UIInterfaceOrientationPortrait UIInterfaceOrientationLandscapeLeft UIInterfaceOrientationLandscapeRight";
				IPHONEOS_DEPLOYMENT_TARGET = 14.0;
				LD_RUNPATH_SEARCH_PATHS = (
					"$(inherited)",
					"@executable_path/Frameworks",
				);
				MARKETING_VERSION = 1.0;
				PRODUCT_BUNDLE_IDENTIFIER = chewee.Landmarks;
				PRODUCT_NAME = "$(TARGET_NAME)";
				SWIFT_EMIT_LOC_STRINGS = YES;
				SWIFT_VERSION = 5.0;
				TARGETED_DEVICE_FAMILY = "1,2";
			};
			name = Debug;
		};
		FB3656702720C4600085F1BC /* Release */ = {
			isa = XCBuildConfiguration;
			buildSettings = {
				ASSETCATALOG_COMPILER_APPICON_NAME = AppIcon;
				ASSETCATALOG_COMPILER_GLOBAL_ACCENT_COLOR_NAME = AccentColor;
				CODE_SIGN_STYLE = Automatic;
				CURRENT_PROJECT_VERSION = 1;
				DEVELOPMENT_ASSET_PATHS = "\"Landmarks/Preview Content\"";
				ENABLE_PREVIEWS = YES;
				GENERATE_INFOPLIST_FILE = YES;
				INFOPLIST_KEY_UIApplicationSceneManifest_Generation = YES;
				INFOPLIST_KEY_UIApplicationSupportsIndirectInputEvents = YES;
				INFOPLIST_KEY_UILaunchScreen_Generation = YES;
				INFOPLIST_KEY_UISupportedInterfaceOrientations_iPad = "UIInterfaceOrientationPortrait UIInterfaceOrientationPortraitUpsideDown UIInterfaceOrientationLandscapeLeft UIInterfaceOrientationLandscapeRight";
				INFOPLIST_KEY_UISupportedInterfaceOrientations_iPhone = "UIInterfaceOrientationPortrait UIInterfaceOrientationLandscapeLeft UIInterfaceOrientationLandscapeRight";
				IPHONEOS_DEPLOYMENT_TARGET = 14.0;
				LD_RUNPATH_SEARCH_PATHS = (
					"$(inherited)",
					"@executable_path/Frameworks",
				);
				MARKETING_VERSION = 1.0;
				PRODUCT_BUNDLE_IDENTIFIER = chewee.Landmarks;
				PRODUCT_NAME = "$(TARGET_NAME)";
				SWIFT_EMIT_LOC_STRINGS = YES;
				SWIFT_VERSION = 5.0;
				TARGETED_DEVICE_FAMILY = "1,2";
			};
			name = Release;
		};
		FBF4C773273DBAF7000AA179 /* Debug */ = {
			isa = XCBuildConfiguration;
			buildSettings = {
				ASSETCATALOG_COMPILER_COMPLICATION_NAME = Complication;
				CODE_SIGN_STYLE = Automatic;
				CURRENT_PROJECT_VERSION = 1;
				DEVELOPMENT_ASSET_PATHS = "\"WatchLandmarks WatchKit Extension/Preview Content\"";
				DEVELOPMENT_TEAM = 6499YFNJ2H;
				ENABLE_PREVIEWS = YES;
				GENERATE_INFOPLIST_FILE = YES;
				INFOPLIST_FILE = "WatchLandmarks WatchKit Extension/Info.plist";
				INFOPLIST_KEY_CFBundleDisplayName = "WatchLandmarks WatchKit Extension";
				INFOPLIST_KEY_CLKComplicationPrincipalClass = WatchLandmarks_WatchKit_Extension.ComplicationController;
				INFOPLIST_KEY_NSHumanReadableCopyright = "";
				INFOPLIST_KEY_WKRunsIndependentlyOfCompanionApp = YES;
				LD_RUNPATH_SEARCH_PATHS = (
					"$(inherited)",
					"@executable_path/Frameworks",
					"@executable_path/../../Frameworks",
				);
				MARKETING_VERSION = 1.0;
				PRODUCT_BUNDLE_IDENTIFIER = chewee.Landmarks.watchkitapp.watchkitextension;
				PRODUCT_NAME = "${TARGET_NAME}";
				SDKROOT = watchos;
				SKIP_INSTALL = YES;
				SWIFT_EMIT_LOC_STRINGS = YES;
				SWIFT_VERSION = 5.0;
				TARGETED_DEVICE_FAMILY = 4;
				WATCHOS_DEPLOYMENT_TARGET = 8.0;
			};
			name = Debug;
		};
		FBF4C774273DBAF7000AA179 /* Release */ = {
			isa = XCBuildConfiguration;
			buildSettings = {
				ASSETCATALOG_COMPILER_COMPLICATION_NAME = Complication;
				CODE_SIGN_STYLE = Automatic;
				CURRENT_PROJECT_VERSION = 1;
				DEVELOPMENT_ASSET_PATHS = "\"WatchLandmarks WatchKit Extension/Preview Content\"";
				DEVELOPMENT_TEAM = 6499YFNJ2H;
				ENABLE_PREVIEWS = YES;
				GENERATE_INFOPLIST_FILE = YES;
				INFOPLIST_FILE = "WatchLandmarks WatchKit Extension/Info.plist";
				INFOPLIST_KEY_CFBundleDisplayName = "WatchLandmarks WatchKit Extension";
				INFOPLIST_KEY_CLKComplicationPrincipalClass = WatchLandmarks_WatchKit_Extension.ComplicationController;
				INFOPLIST_KEY_NSHumanReadableCopyright = "";
				INFOPLIST_KEY_WKRunsIndependentlyOfCompanionApp = YES;
				LD_RUNPATH_SEARCH_PATHS = (
					"$(inherited)",
					"@executable_path/Frameworks",
					"@executable_path/../../Frameworks",
				);
				MARKETING_VERSION = 1.0;
				PRODUCT_BUNDLE_IDENTIFIER = chewee.Landmarks.watchkitapp.watchkitextension;
				PRODUCT_NAME = "${TARGET_NAME}";
				SDKROOT = watchos;
				SKIP_INSTALL = YES;
				SWIFT_EMIT_LOC_STRINGS = YES;
				SWIFT_VERSION = 5.0;
				TARGETED_DEVICE_FAMILY = 4;
				WATCHOS_DEPLOYMENT_TARGET = 8.0;
			};
			name = Release;
		};
		FBF4C777273DBAF7000AA179 /* Debug */ = {
			isa = XCBuildConfiguration;
			buildSettings = {
				ALWAYS_EMBED_SWIFT_STANDARD_LIBRARIES = YES;
				ASSETCATALOG_COMPILER_APPICON_NAME = AppIcon;
				ASSETCATALOG_COMPILER_GLOBAL_ACCENT_COLOR_NAME = AccentColor;
				CODE_SIGN_STYLE = Automatic;
				CURRENT_PROJECT_VERSION = 1;
				GENERATE_INFOPLIST_FILE = YES;
				IBSC_MODULE = WatchLandmarks_WatchKit_Extension;
				INFOPLIST_KEY_CFBundleDisplayName = WatchLandmarks;
				INFOPLIST_KEY_UISupportedInterfaceOrientations = "UIInterfaceOrientationPortrait UIInterfaceOrientationPortraitUpsideDown";
				INFOPLIST_KEY_WKCompanionAppBundleIdentifier = chewee.Landmarks;
				MARKETING_VERSION = 1.0;
				PRODUCT_BUNDLE_IDENTIFIER = chewee.Landmarks.watchkitapp;
				PRODUCT_NAME = "$(TARGET_NAME)";
				SDKROOT = watchos;
				SKIP_INSTALL = YES;
				SWIFT_EMIT_LOC_STRINGS = YES;
				SWIFT_VERSION = 5.0;
				TARGETED_DEVICE_FAMILY = 4;
				WATCHOS_DEPLOYMENT_TARGET = 8.0;
			};
			name = Debug;
		};
		FBF4C778273DBAF7000AA179 /* Release */ = {
			isa = XCBuildConfiguration;
			buildSettings = {
				ALWAYS_EMBED_SWIFT_STANDARD_LIBRARIES = YES;
				ASSETCATALOG_COMPILER_APPICON_NAME = AppIcon;
				ASSETCATALOG_COMPILER_GLOBAL_ACCENT_COLOR_NAME = AccentColor;
				CODE_SIGN_STYLE = Automatic;
				CURRENT_PROJECT_VERSION = 1;
				GENERATE_INFOPLIST_FILE = YES;
				IBSC_MODULE = WatchLandmarks_WatchKit_Extension;
				INFOPLIST_KEY_CFBundleDisplayName = WatchLandmarks;
				INFOPLIST_KEY_UISupportedInterfaceOrientations = "UIInterfaceOrientationPortrait UIInterfaceOrientationPortraitUpsideDown";
				INFOPLIST_KEY_WKCompanionAppBundleIdentifier = chewee.Landmarks;
				MARKETING_VERSION = 1.0;
				PRODUCT_BUNDLE_IDENTIFIER = chewee.Landmarks.watchkitapp;
				PRODUCT_NAME = "$(TARGET_NAME)";
				SDKROOT = watchos;
				SKIP_INSTALL = YES;
				SWIFT_EMIT_LOC_STRINGS = YES;
				SWIFT_VERSION = 5.0;
				TARGETED_DEVICE_FAMILY = 4;
				WATCHOS_DEPLOYMENT_TARGET = 8.0;
			};
			name = Release;
		};
		FBF4C79B273DC69A000AA179 /* Debug */ = {
			isa = XCBuildConfiguration;
			buildSettings = {
				ASSETCATALOG_COMPILER_APPICON_NAME = AppIcon;
				ASSETCATALOG_COMPILER_GLOBAL_ACCENT_COLOR_NAME = AccentColor;
				CODE_SIGN_ENTITLEMENTS = MacLandmarks/MacLandmarks.entitlements;
				CODE_SIGN_STYLE = Automatic;
				COMBINE_HIDPI_IMAGES = YES;
				CURRENT_PROJECT_VERSION = 1;
				DEVELOPMENT_ASSET_PATHS = "\"MacLandmarks/Preview Content\"";
				DEVELOPMENT_TEAM = 6499YFNJ2H;
				ENABLE_HARDENED_RUNTIME = YES;
				ENABLE_PREVIEWS = YES;
				GENERATE_INFOPLIST_FILE = YES;
				INFOPLIST_KEY_NSHumanReadableCopyright = "";
				LD_RUNPATH_SEARCH_PATHS = (
					"$(inherited)",
					"@executable_path/../Frameworks",
				);
				MACOSX_DEPLOYMENT_TARGET = 12.0;
				MARKETING_VERSION = 1.0;
				PRODUCT_BUNDLE_IDENTIFIER = co.chewee.MacLandmarks;
				PRODUCT_NAME = "$(TARGET_NAME)";
				SDKROOT = macosx;
				SWIFT_EMIT_LOC_STRINGS = YES;
				SWIFT_VERSION = 5.0;
			};
			name = Debug;
		};
		FBF4C79C273DC69A000AA179 /* Release */ = {
			isa = XCBuildConfiguration;
			buildSettings = {
				ASSETCATALOG_COMPILER_APPICON_NAME = AppIcon;
				ASSETCATALOG_COMPILER_GLOBAL_ACCENT_COLOR_NAME = AccentColor;
				CODE_SIGN_ENTITLEMENTS = MacLandmarks/MacLandmarks.entitlements;
				CODE_SIGN_STYLE = Automatic;
				COMBINE_HIDPI_IMAGES = YES;
				CURRENT_PROJECT_VERSION = 1;
				DEVELOPMENT_ASSET_PATHS = "\"MacLandmarks/Preview Content\"";
				DEVELOPMENT_TEAM = 6499YFNJ2H;
				ENABLE_HARDENED_RUNTIME = YES;
				ENABLE_PREVIEWS = YES;
				GENERATE_INFOPLIST_FILE = YES;
				INFOPLIST_KEY_NSHumanReadableCopyright = "";
				LD_RUNPATH_SEARCH_PATHS = (
					"$(inherited)",
					"@executable_path/../Frameworks",
				);
				MACOSX_DEPLOYMENT_TARGET = 12.0;
				MARKETING_VERSION = 1.0;
				PRODUCT_BUNDLE_IDENTIFIER = co.chewee.MacLandmarks;
				PRODUCT_NAME = "$(TARGET_NAME)";
				SDKROOT = macosx;
				SWIFT_EMIT_LOC_STRINGS = YES;
				SWIFT_VERSION = 5.0;
			};
			name = Release;
		};
/* End XCBuildConfiguration section */

/* Begin XCConfigurationList section */
		FB36565B2720C45E0085F1BC /* Build configuration list for PBXProject "Landmarks" */ = {
			isa = XCConfigurationList;
			buildConfigurations = (
				FB36566C2720C4600085F1BC /* Debug */,
				FB36566D2720C4600085F1BC /* Release */,
			);
			defaultConfigurationIsVisible = 0;
			defaultConfigurationName = Release;
		};
		FB36566E2720C4600085F1BC /* Build configuration list for PBXNativeTarget "Landmarks" */ = {
			isa = XCConfigurationList;
			buildConfigurations = (
				FB36566F2720C4600085F1BC /* Debug */,
				FB3656702720C4600085F1BC /* Release */,
			);
			defaultConfigurationIsVisible = 0;
			defaultConfigurationName = Release;
		};
		FBF4C772273DBAF7000AA179 /* Build configuration list for PBXNativeTarget "WatchLandmarks WatchKit Extension" */ = {
			isa = XCConfigurationList;
			buildConfigurations = (
				FBF4C773273DBAF7000AA179 /* Debug */,
				FBF4C774273DBAF7000AA179 /* Release */,
			);
			defaultConfigurationIsVisible = 0;
			defaultConfigurationName = Release;
		};
		FBF4C776273DBAF7000AA179 /* Build configuration list for PBXNativeTarget "WatchLandmarks" */ = {
			isa = XCConfigurationList;
			buildConfigurations = (
				FBF4C777273DBAF7000AA179 /* Debug */,
				FBF4C778273DBAF7000AA179 /* Release */,
			);
			defaultConfigurationIsVisible = 0;
			defaultConfigurationName = Release;
		};
		FBF4C79A273DC69A000AA179 /* Build configuration list for PBXNativeTarget "MacLandmarks" */ = {
			isa = XCConfigurationList;
			buildConfigurations = (
				FBF4C79B273DC69A000AA179 /* Debug */,
				FBF4C79C273DC69A000AA179 /* Release */,
			);
			defaultConfigurationIsVisible = 0;
			defaultConfigurationName = Release;
		};
/* End XCConfigurationList section */
	};
	rootObject = FB3656582720C45E0085F1BC /* Project object */;
}
